// !$*UTF8*$!
{
	archiveVersion = 1;
	classes = {
	};
	objectVersion = 55;
	objects = {

/* Begin PBXBuildFile section */
		4DAC71BF2817E24700475C30 /* AppDelegate.swift in Sources */ = {isa = PBXBuildFile; fileRef = 4DAC71BE2817E24700475C30 /* AppDelegate.swift */; };
		4DAC71C12817E24700475C30 /* SceneDelegate.swift in Sources */ = {isa = PBXBuildFile; fileRef = 4DAC71C02817E24700475C30 /* SceneDelegate.swift */; };
		4DAC71C32817E24700475C30 /* ViewController.swift in Sources */ = {isa = PBXBuildFile; fileRef = 4DAC71C22817E24700475C30 /* ViewController.swift */; };
		4DAC71C62817E24700475C30 /* Main.storyboard in Resources */ = {isa = PBXBuildFile; fileRef = 4DAC71C42817E24700475C30 /* Main.storyboard */; };
		4DAC71C82817E24900475C30 /* Assets.xcassets in Resources */ = {isa = PBXBuildFile; fileRef = 4DAC71C72817E24900475C30 /* Assets.xcassets */; };
		4DAC71CB2817E24900475C30 /* LaunchScreen.storyboard in Resources */ = {isa = PBXBuildFile; fileRef = 4DAC71C92817E24900475C30 /* LaunchScreen.storyboard */; };
		4DAC71D62817E24900475C30 /* randomNamesTests.swift in Sources */ = {isa = PBXBuildFile; fileRef = 4DAC71D52817E24900475C30 /* randomNamesTests.swift */; };
		4DAC71E02817E24900475C30 /* randomNamesUITests.swift in Sources */ = {isa = PBXBuildFile; fileRef = 4DAC71DF2817E24900475C30 /* randomNamesUITests.swift */; };
		4DAC71E22817E24900475C30 /* randomNamesUITestsLaunchTests.swift in Sources */ = {isa = PBXBuildFile; fileRef = 4DAC71E12817E24900475C30 /* randomNamesUITestsLaunchTests.swift */; };
/* End PBXBuildFile section */

/* Begin PBXContainerItemProxy section */
		4DAC71D22817E24900475C30 /* PBXContainerItemProxy */ = {
			isa = PBXContainerItemProxy;
			containerPortal = 4DAC71B32817E24700475C30 /* Project object */;
			proxyType = 1;
			remoteGlobalIDString = 4DAC71BA2817E24700475C30;
			remoteInfo = randomNames;
		};
		4DAC71DC2817E24900475C30 /* PBXContainerItemProxy */ = {
			isa = PBXContainerItemProxy;
			containerPortal = 4DAC71B32817E24700475C30 /* Project object */;
			proxyType = 1;
			remoteGlobalIDString = 4DAC71BA2817E24700475C30;
			remoteInfo = randomNames;
		};
/* End PBXContainerItemProxy section */

/* Begin PBXFileReference section */
		4DAC71BB2817E24700475C30 /* randomNames.app */ = {isa = PBXFileReference; explicitFileType = wrapper.application; includeInIndex = 0; path = randomNames.app; sourceTree = BUILT_PRODUCTS_DIR; };
		4DAC71BE2817E24700475C30 /* AppDelegate.swift */ = {isa = PBXFileReference; lastKnownFileType = sourcecode.swift; path = AppDelegate.swift; sourceTree = "<group>"; };
		4DAC71C02817E24700475C30 /* SceneDelegate.swift */ = {isa = PBXFileReference; lastKnownFileType = sourcecode.swift; path = SceneDelegate.swift; sourceTree = "<group>"; };
		4DAC71C22817E24700475C30 /* ViewController.swift */ = {isa = PBXFileReference; lastKnownFileType = sourcecode.swift; path = ViewController.swift; sourceTree = "<group>"; };
		4DAC71C52817E24700475C30 /* Base */ = {isa = PBXFileReference; lastKnownFileType = file.storyboard; name = Base; path = Base.lproj/Main.storyboard; sourceTree = "<group>"; };
		4DAC71C72817E24900475C30 /* Assets.xcassets */ = {isa = PBXFileReference; lastKnownFileType = folder.assetcatalog; path = Assets.xcassets; sourceTree = "<group>"; };
		4DAC71CA2817E24900475C30 /* Base */ = {isa = PBXFileReference; lastKnownFileType = file.storyboard; name = Base; path = Base.lproj/LaunchScreen.storyboard; sourceTree = "<group>"; };
		4DAC71CC2817E24900475C30 /* Info.plist */ = {isa = PBXFileReference; lastKnownFileType = text.plist.xml; path = Info.plist; sourceTree = "<group>"; };
		4DAC71D12817E24900475C30 /* randomNamesTests.xctest */ = {isa = PBXFileReference; explicitFileType = wrapper.cfbundle; includeInIndex = 0; path = randomNamesTests.xctest; sourceTree = BUILT_PRODUCTS_DIR; };
		4DAC71D52817E24900475C30 /* randomNamesTests.swift */ = {isa = PBXFileReference; lastKnownFileType = sourcecode.swift; path = randomNamesTests.swift; sourceTree = "<group>"; };
		4DAC71DB2817E24900475C30 /* randomNamesUITests.xctest */ = {isa = PBXFileReference; explicitFileType = wrapper.cfbundle; includeInIndex = 0; path = randomNamesUITests.xctest; sourceTree = BUILT_PRODUCTS_DIR; };
		4DAC71DF2817E24900475C30 /* randomNamesUITests.swift */ = {isa = PBXFileReference; lastKnownFileType = sourcecode.swift; path = randomNamesUITests.swift; sourceTree = "<group>"; };
		4DAC71E12817E24900475C30 /* randomNamesUITestsLaunchTests.swift */ = {isa = PBXFileReference; lastKnownFileType = sourcecode.swift; path = randomNamesUITestsLaunchTests.swift; sourceTree = "<group>"; };
/* End PBXFileReference section */

/* Begin PBXFrameworksBuildPhase section */
		4DAC71B82817E24700475C30 /* Frameworks */ = {
			isa = PBXFrameworksBuildPhase;
			buildActionMask = 2147483647;
			files = (
			);
			runOnlyForDeploymentPostprocessing = 0;
		};
		4DAC71CE2817E24900475C30 /* Frameworks */ = {
			isa = PBXFrameworksBuildPhase;
			buildActionMask = 2147483647;
			files = (
			);
			runOnlyForDeploymentPostprocessing = 0;
		};
		4DAC71D82817E24900475C30 /* Frameworks */ = {
			isa = PBXFrameworksBuildPhase;
			buildActionMask = 2147483647;
			files = (
			);
			runOnlyForDeploymentPostprocessing = 0;
		};
/* End PBXFrameworksBuildPhase section */

/* Begin PBXGroup section */
		4DAC71B22817E24700475C30 = {
			isa = PBXGroup;
			children = (
				4DAC71BD2817E24700475C30 /* randomNames */,
				4DAC71D42817E24900475C30 /* randomNamesTests */,
				4DAC71DE2817E24900475C30 /* randomNamesUITests */,
				4DAC71BC2817E24700475C30 /* Products */,
			);
			sourceTree = "<group>";
		};
		4DAC71BC2817E24700475C30 /* Products */ = {
			isa = PBXGroup;
			children = (
				4DAC71BB2817E24700475C30 /* randomNames.app */,
				4DAC71D12817E24900475C30 /* randomNamesTests.xctest */,
				4DAC71DB2817E24900475C30 /* randomNamesUITests.xctest */,
			);
			name = Products;
			sourceTree = "<group>";
		};
		4DAC71BD2817E24700475C30 /* randomNames */ = {
			isa = PBXGroup;
			children = (
				4DAC71BE2817E24700475C30 /* AppDelegate.swift */,
				4DAC71C02817E24700475C30 /* SceneDelegate.swift */,
				4DAC71C22817E24700475C30 /* ViewController.swift */,
				4DAC71C42817E24700475C30 /* Main.storyboard */,
				4DAC71C72817E24900475C30 /* Assets.xcassets */,
				4DAC71C92817E24900475C30 /* LaunchScreen.storyboard */,
				4DAC71CC2817E24900475C30 /* Info.plist */,
			);
			path = randomNames;
			sourceTree = "<group>";
		};
		4DAC71D42817E24900475C30 /* randomNamesTests */ = {
			isa = PBXGroup;
			children = (
				4DAC71D52817E24900475C30 /* randomNamesTests.swift */,
			);
			path = randomNamesTests;
			sourceTree = "<group>";
		};
		4DAC71DE2817E24900475C30 /* randomNamesUITests */ = {
			isa = PBXGroup;
			children = (
				4DAC71DF2817E24900475C30 /* randomNamesUITests.swift */,
				4DAC71E12817E24900475C30 /* randomNamesUITestsLaunchTests.swift */,
			);
			path = randomNamesUITests;
			sourceTree = "<group>";
		};
/* End PBXGroup section */

/* Begin PBXNativeTarget section */
		4DAC71BA2817E24700475C30 /* randomNames */ = {
			isa = PBXNativeTarget;
			buildConfigurationList = 4DAC71E52817E24900475C30 /* Build configuration list for PBXNativeTarget "randomNames" */;
			buildPhases = (
				4DAC71B72817E24700475C30 /* Sources */,
				4DAC71B82817E24700475C30 /* Frameworks */,
				4DAC71B92817E24700475C30 /* Resources */,
			);
			buildRules = (
			);
			dependencies = (
			);
			name = randomNames;
			productName = randomNames;
			productReference = 4DAC71BB2817E24700475C30 /* randomNames.app */;
			productType = "com.apple.product-type.application";
		};
		4DAC71D02817E24900475C30 /* randomNamesTests */ = {
			isa = PBXNativeTarget;
			buildConfigurationList = 4DAC71E82817E24900475C30 /* Build configuration list for PBXNativeTarget "randomNamesTests" */;
			buildPhases = (
				4DAC71CD2817E24900475C30 /* Sources */,
				4DAC71CE2817E24900475C30 /* Frameworks */,
				4DAC71CF2817E24900475C30 /* Resources */,
			);
			buildRules = (
			);
			dependencies = (
				4DAC71D32817E24900475C30 /* PBXTargetDependency */,
			);
			name = randomNamesTests;
			productName = randomNamesTests;
			productReference = 4DAC71D12817E24900475C30 /* randomNamesTests.xctest */;
			productType = "com.apple.product-type.bundle.unit-test";
		};
		4DAC71DA2817E24900475C30 /* randomNamesUITests */ = {
			isa = PBXNativeTarget;
			buildConfigurationList = 4DAC71EB2817E24900475C30 /* Build configuration list for PBXNativeTarget "randomNamesUITests" */;
			buildPhases = (
				4DAC71D72817E24900475C30 /* Sources */,
				4DAC71D82817E24900475C30 /* Frameworks */,
				4DAC71D92817E24900475C30 /* Resources */,
			);
			buildRules = (
			);
			dependencies = (
				4DAC71DD2817E24900475C30 /* PBXTargetDependency */,
			);
			name = randomNamesUITests;
			productName = randomNamesUITests;
			productReference = 4DAC71DB2817E24900475C30 /* randomNamesUITests.xctest */;
			productType = "com.apple.product-type.bundle.ui-testing";
		};
/* End PBXNativeTarget section */

/* Begin PBXProject section */
		4DAC71B32817E24700475C30 /* Project object */ = {
			isa = PBXProject;
			attributes = {
				BuildIndependentTargetsInParallel = 1;
				LastSwiftUpdateCheck = 1330;
				LastUpgradeCheck = 1330;
				TargetAttributes = {
					4DAC71BA2817E24700475C30 = {
						CreatedOnToolsVersion = 13.3.1;
					};
					4DAC71D02817E24900475C30 = {
						CreatedOnToolsVersion = 13.3.1;
						TestTargetID = 4DAC71BA2817E24700475C30;
					};
					4DAC71DA2817E24900475C30 = {
						CreatedOnToolsVersion = 13.3.1;
						TestTargetID = 4DAC71BA2817E24700475C30;
					};
				};
			};
			buildConfigurationList = 4DAC71B62817E24700475C30 /* Build configuration list for PBXProject "randomNames" */;
			compatibilityVersion = "Xcode 13.0";
			developmentRegion = en;
			hasScannedForEncodings = 0;
			knownRegions = (
				en,
				Base,
			);
			mainGroup = 4DAC71B22817E24700475C30;
			productRefGroup = 4DAC71BC2817E24700475C30 /* Products */;
			projectDirPath = "";
			projectRoot = "";
			targets = (
				4DAC71BA2817E24700475C30 /* randomNames */,
				4DAC71D02817E24900475C30 /* randomNamesTests */,
				4DAC71DA2817E24900475C30 /* randomNamesUITests */,
			);
		};
/* End PBXProject section */

/* Begin PBXResourcesBuildPhase section */
		4DAC71B92817E24700475C30 /* Resources */ = {
			isa = PBXResourcesBuildPhase;
			buildActionMask = 2147483647;
			files = (
				4DAC71CB2817E24900475C30 /* LaunchScreen.storyboard in Resources */,
				4DAC71C82817E24900475C30 /* Assets.xcassets in Resources */,
				4DAC71C62817E24700475C30 /* Main.storyboard in Resources */,
			);
			runOnlyForDeploymentPostprocessing = 0;
		};
		4DAC71CF2817E24900475C30 /* Resources */ = {
			isa = PBXResourcesBuildPhase;
			buildActionMask = 2147483647;
			files = (
			);
			runOnlyForDeploymentPostprocessing = 0;
		};
		4DAC71D92817E24900475C30 /* Resources */ = {
			isa = PBXResourcesBuildPhase;
			buildActionMask = 2147483647;
			files = (
			);
			runOnlyForDeploymentPostprocessing = 0;
		};
/* End PBXResourcesBuildPhase section */

/* Begin PBXSourcesBuildPhase section */
		4DAC71B72817E24700475C30 /* Sources */ = {
			isa = PBXSourcesBuildPhase;
			buildActionMask = 2147483647;
			files = (
				4DAC71C32817E24700475C30 /* ViewController.swift in Sources */,
				4DAC71BF2817E24700475C30 /* AppDelegate.swift in Sources */,
				4DAC71C12817E24700475C30 /* SceneDelegate.swift in Sources */,
			);
			runOnlyForDeploymentPostprocessing = 0;
		};
		4DAC71CD2817E24900475C30 /* Sources */ = {
			isa = PBXSourcesBuildPhase;
			buildActionMask = 2147483647;
			files = (
				4DAC71D62817E24900475C30 /* randomNamesTests.swift in Sources */,
			);
			runOnlyForDeploymentPostprocessing = 0;
		};
		4DAC71D72817E24900475C30 /* Sources */ = {
			isa = PBXSourcesBuildPhase;
			buildActionMask = 2147483647;
			files = (
				4DAC71E22817E24900475C30 /* randomNamesUITestsLaunchTests.swift in Sources */,
				4DAC71E02817E24900475C30 /* randomNamesUITests.swift in Sources */,
			);
			runOnlyForDeploymentPostprocessing = 0;
		};
/* End PBXSourcesBuildPhase section */

/* Begin PBXTargetDependency section */
		4DAC71D32817E24900475C30 /* PBXTargetDependency */ = {
			isa = PBXTargetDependency;
			target = 4DAC71BA2817E24700475C30 /* randomNames */;
			targetProxy = 4DAC71D22817E24900475C30 /* PBXContainerItemProxy */;
		};
		4DAC71DD2817E24900475C30 /* PBXTargetDependency */ = {
			isa = PBXTargetDependency;
			target = 4DAC71BA2817E24700475C30 /* randomNames */;
			targetProxy = 4DAC71DC2817E24900475C30 /* PBXContainerItemProxy */;
		};
/* End PBXTargetDependency section */

/* Begin PBXVariantGroup section */
		4DAC71C42817E24700475C30 /* Main.storyboard */ = {
			isa = PBXVariantGroup;
			children = (
				4DAC71C52817E24700475C30 /* Base */,
			);
			name = Main.storyboard;
			sourceTree = "<group>";
		};
		4DAC71C92817E24900475C30 /* LaunchScreen.storyboard */ = {
			isa = PBXVariantGroup;
			children = (
				4DAC71CA2817E24900475C30 /* Base */,
			);
			name = LaunchScreen.storyboard;
			sourceTree = "<group>";
		};
/* End PBXVariantGroup section */

/* Begin XCBuildConfiguration section */
		4DAC71E32817E24900475C30 /* Debug */ = {
			isa = XCBuildConfiguration;
			buildSettings = {
				ALWAYS_SEARCH_USER_PATHS = NO;
				CLANG_ANALYZER_NONNULL = YES;
				CLANG_ANALYZER_NUMBER_OBJECT_CONVERSION = YES_AGGRESSIVE;
				CLANG_CXX_LANGUAGE_STANDARD = "gnu++17";
				CLANG_ENABLE_MODULES = YES;
				CLANG_ENABLE_OBJC_ARC = YES;
				CLANG_ENABLE_OBJC_WEAK = YES;
				CLANG_WARN_BLOCK_CAPTURE_AUTORELEASING = YES;
				CLANG_WARN_BOOL_CONVERSION = YES;
				CLANG_WARN_COMMA = YES;
				CLANG_WARN_CONSTANT_CONVERSION = YES;
				CLANG_WARN_DEPRECATED_OBJC_IMPLEMENTATIONS = YES;
				CLANG_WARN_DIRECT_OBJC_ISA_USAGE = YES_ERROR;
				CLANG_WARN_DOCUMENTATION_COMMENTS = YES;
				CLANG_WARN_EMPTY_BODY = YES;
				CLANG_WARN_ENUM_CONVERSION = YES;
				CLANG_WARN_INFINITE_RECURSION = YES;
				CLANG_WARN_INT_CONVERSION = YES;
				CLANG_WARN_NON_LITERAL_NULL_CONVERSION = YES;
				CLANG_WARN_OBJC_IMPLICIT_RETAIN_SELF = YES;
				CLANG_WARN_OBJC_LITERAL_CONVERSION = YES;
				CLANG_WARN_OBJC_ROOT_CLASS = YES_ERROR;
				CLANG_WARN_QUOTED_INCLUDE_IN_FRAMEWORK_HEADER = YES;
				CLANG_WARN_RANGE_LOOP_ANALYSIS = YES;
				CLANG_WARN_STRICT_PROTOTYPES = YES;
				CLANG_WARN_SUSPICIOUS_MOVE = YES;
				CLANG_WARN_UNGUARDED_AVAILABILITY = YES_AGGRESSIVE;
				CLANG_WARN_UNREACHABLE_CODE = YES;
				CLANG_WARN__DUPLICATE_METHOD_MATCH = YES;
				COPY_PHASE_STRIP = NO;
				DEBUG_INFORMATION_FORMAT = dwarf;
				ENABLE_STRICT_OBJC_MSGSEND = YES;
				ENABLE_TESTABILITY = YES;
				GCC_C_LANGUAGE_STANDARD = gnu11;
				GCC_DYNAMIC_NO_PIC = NO;
				GCC_NO_COMMON_BLOCKS = YES;
				GCC_OPTIMIZATION_LEVEL = 0;
				GCC_PREPROCESSOR_DEFINITIONS = (
					"DEBUG=1",
					"$(inherited)",
				);
				GCC_WARN_64_TO_32_BIT_CONVERSION = YES;
				GCC_WARN_ABOUT_RETURN_TYPE = YES_ERROR;
				GCC_WARN_UNDECLARED_SELECTOR = YES;
				GCC_WARN_UNINITIALIZED_AUTOS = YES_AGGRESSIVE;
				GCC_WARN_UNUSED_FUNCTION = YES;
				GCC_WARN_UNUSED_VARIABLE = YES;
				IPHONEOS_DEPLOYMENT_TARGET = 15.4;
				MTL_ENABLE_DEBUG_INFO = INCLUDE_SOURCE;
				MTL_FAST_MATH = YES;
				ONLY_ACTIVE_ARCH = YES;
				SDKROOT = iphoneos;
				SWIFT_ACTIVE_COMPILATION_CONDITIONS = DEBUG;
				SWIFT_OPTIMIZATION_LEVEL = "-Onone";
			};
			name = Debug;
		};
		4DAC71E42817E24900475C30 /* Release */ = {
			isa = XCBuildConfiguration;
			buildSettings = {
				ALWAYS_SEARCH_USER_PATHS = NO;
				CLANG_ANALYZER_NONNULL = YES;
				CLANG_ANALYZER_NUMBER_OBJECT_CONVERSION = YES_AGGRESSIVE;
				CLANG_CXX_LANGUAGE_STANDARD = "gnu++17";
				CLANG_ENABLE_MODULES = YES;
				CLANG_ENABLE_OBJC_ARC = YES;
				CLANG_ENABLE_OBJC_WEAK = YES;
				CLANG_WARN_BLOCK_CAPTURE_AUTORELEASING = YES;
				CLANG_WARN_BOOL_CONVERSION = YES;
				CLANG_WARN_COMMA = YES;
				CLANG_WARN_CONSTANT_CONVERSION = YES;
				CLANG_WARN_DEPRECATED_OBJC_IMPLEMENTATIONS = YES;
				CLANG_WARN_DIRECT_OBJC_ISA_USAGE = YES_ERROR;
				CLANG_WARN_DOCUMENTATION_COMMENTS = YES;
				CLANG_WARN_EMPTY_BODY = YES;
				CLANG_WARN_ENUM_CONVERSION = YES;
				CLANG_WARN_INFINITE_RECURSION = YES;
				CLANG_WARN_INT_CONVERSION = YES;
				CLANG_WARN_NON_LITERAL_NULL_CONVERSION = YES;
				CLANG_WARN_OBJC_IMPLICIT_RETAIN_SELF = YES;
				CLANG_WARN_OBJC_LITERAL_CONVERSION = YES;
				CLANG_WARN_OBJC_ROOT_CLASS = YES_ERROR;
				CLANG_WARN_QUOTED_INCLUDE_IN_FRAMEWORK_HEADER = YES;
				CLANG_WARN_RANGE_LOOP_ANALYSIS = YES;
				CLANG_WARN_STRICT_PROTOTYPES = YES;
				CLANG_WARN_SUSPICIOUS_MOVE = YES;
				CLANG_WARN_UNGUARDED_AVAILABILITY = YES_AGGRESSIVE;
				CLANG_WARN_UNREACHABLE_CODE = YES;
				CLANG_WARN__DUPLICATE_METHOD_MATCH = YES;
				COPY_PHASE_STRIP = NO;
				DEBUG_INFORMATION_FORMAT = "dwarf-with-dsym";
				ENABLE_NS_ASSERTIONS = NO;
				ENABLE_STRICT_OBJC_MSGSEND = YES;
				GCC_C_LANGUAGE_STANDARD = gnu11;
				GCC_NO_COMMON_BLOCKS = YES;
				GCC_WARN_64_TO_32_BIT_CONVERSION = YES;
				GCC_WARN_ABOUT_RETURN_TYPE = YES_ERROR;
				GCC_WARN_UNDECLARED_SELECTOR = YES;
				GCC_WARN_UNINITIALIZED_AUTOS = YES_AGGRESSIVE;
				GCC_WARN_UNUSED_FUNCTION = YES;
				GCC_WARN_UNUSED_VARIABLE = YES;
				IPHONEOS_DEPLOYMENT_TARGET = 15.4;
				MTL_ENABLE_DEBUG_INFO = NO;
				MTL_FAST_MATH = YES;
				SDKROOT = iphoneos;
				SWIFT_COMPILATION_MODE = wholemodule;
				SWIFT_OPTIMIZATION_LEVEL = "-O";
				VALIDATE_PRODUCT = YES;
			};
			name = Release;
		};
		4DAC71E62817E24900475C30 /* Debug */ = {
			isa = XCBuildConfiguration;
			buildSettings = {
				ASSETCATALOG_COMPILER_APPICON_NAME = AppIcon;
				ASSETCATALOG_COMPILER_GLOBAL_ACCENT_COLOR_NAME = AccentColor;
				CODE_SIGN_STYLE = Automatic;
				CURRENT_PROJECT_VERSION = 1;
				GENERATE_INFOPLIST_FILE = YES;
				INFOPLIST_FILE = randomNames/Info.plist;
				INFOPLIST_KEY_UIApplicationSupportsIndirectInputEvents = YES;
				INFOPLIST_KEY_UILaunchStoryboardName = LaunchScreen;
				INFOPLIST_KEY_UIMainStoryboardFile = Main;
				INFOPLIST_KEY_UISupportedInterfaceOrientations_iPad = "UIInterfaceOrientationPortrait UIInterfaceOrientationPortraitUpsideDown UIInterfaceOrientationLandscapeLeft UIInterfaceOrientationLandscapeRight";
				INFOPLIST_KEY_UISupportedInterfaceOrientations_iPhone = "UIInterfaceOrientationPortrait UIInterfaceOrientationLandscapeLeft UIInterfaceOrientationLandscapeRight";
				LD_RUNPATH_SEARCH_PATHS = (
					"$(inherited)",
					"@executable_path/Frameworks",
				);
				MARKETING_VERSION = 1.0;
				PRODUCT_BUNDLE_IDENTIFIER = the.codeholic.randomNames;
				PRODUCT_NAME = "$(TARGET_NAME)";
				SWIFT_EMIT_LOC_STRINGS = YES;
				SWIFT_VERSION = 5.0;
				TARGETED_DEVICE_FAMILY = "1,2";
			};
			name = Debug;
		};
		4DAC71E72817E24900475C30 /* Release */ = {
			isa = XCBuildConfiguration;
			buildSettings = {
				ASSETCATALOG_COMPILER_APPICON_NAME = AppIcon;
				ASSETCATALOG_COMPILER_GLOBAL_ACCENT_COLOR_NAME = AccentColor;
				CODE_SIGN_STYLE = Automatic;
				CURRENT_PROJECT_VERSION = 1;
				GENERATE_INFOPLIST_FILE = YES;
				INFOPLIST_FILE = randomNames/Info.plist;
				INFOPLIST_KEY_UIApplicationSupportsIndirectInputEvents = YES;
				INFOPLIST_KEY_UILaunchStoryboardName = LaunchScreen;
				INFOPLIST_KEY_UIMainStoryboardFile = Main;
				INFOPLIST_KEY_UISupportedInterfaceOrientations_iPad = "UIInterfaceOrientationPortrait UIInterfaceOrientationPortraitUpsideDown UIInterfaceOrientationLandscapeLeft UIInterfaceOrientationLandscapeRight";
				INFOPLIST_KEY_UISupportedInterfaceOrientations_iPhone = "UIInterfaceOrientationPortrait UIInterfaceOrientationLandscapeLeft UIInterfaceOrientationLandscapeRight";
				LD_RUNPATH_SEARCH_PATHS = (
					"$(inherited)",
					"@executable_path/Frameworks",
				);
				MARKETING_VERSION = 1.0;
				PRODUCT_BUNDLE_IDENTIFIER = the.codeholic.randomNames;
				PRODUCT_NAME = "$(TARGET_NAME)";
				SWIFT_EMIT_LOC_STRINGS = YES;
				SWIFT_VERSION = 5.0;
				TARGETED_DEVICE_FAMILY = "1,2";
			};
			name = Release;
		};
		4DAC71E92817E24900475C30 /* Debug */ = {
			isa = XCBuildConfiguration;
			buildSettings = {
				ALWAYS_EMBED_SWIFT_STANDARD_LIBRARIES = YES;
				BUNDLE_LOADER = "$(TEST_HOST)";
				CODE_SIGN_STYLE = Automatic;
				CURRENT_PROJECT_VERSION = 1;
				GENERATE_INFOPLIST_FILE = YES;
				IPHONEOS_DEPLOYMENT_TARGET = 15.4;
				MARKETING_VERSION = 1.0;
				PRODUCT_BUNDLE_IDENTIFIER = the.codeholic.randomNamesTests;
				PRODUCT_NAME = "$(TARGET_NAME)";
				SWIFT_EMIT_LOC_STRINGS = NO;
				SWIFT_VERSION = 5.0;
				TARGETED_DEVICE_FAMILY = "1,2";
				TEST_HOST = "$(BUILT_PRODUCTS_DIR)/randomNames.app/randomNames";
			};
			name = Debug;
		};
		4DAC71EA2817E24900475C30 /* Release */ = {
			isa = XCBuildConfiguration;
			buildSettings = {
				ALWAYS_EMBED_SWIFT_STANDARD_LIBRARIES = YES;
				BUNDLE_LOADER = "$(TEST_HOST)";
				CODE_SIGN_STYLE = Automatic;
				CURRENT_PROJECT_VERSION = 1;
				GENERATE_INFOPLIST_FILE = YES;
				IPHONEOS_DEPLOYMENT_TARGET = 15.4;
				MARKETING_VERSION = 1.0;
				PRODUCT_BUNDLE_IDENTIFIER = the.codeholic.randomNamesTests;
				PRODUCT_NAME = "$(TARGET_NAME)";
				SWIFT_EMIT_LOC_STRINGS = NO;
				SWIFT_VERSION = 5.0;
				TARGETED_DEVICE_FAMILY = "1,2";
				TEST_HOST = "$(BUILT_PRODUCTS_DIR)/randomNames.app/randomNames";
			};
			name = Release;
		};
		4DAC71EC2817E24900475C30 /* Debug */ = {
			isa = XCBuildConfiguration;
			buildSettings = {
				ALWAYS_EMBED_SWIFT_STANDARD_LIBRARIES = YES;
				CODE_SIGN_STYLE = Automatic;
				CURRENT_PROJECT_VERSION = 1;
				GENERATE_INFOPLIST_FILE = YES;
				MARKETING_VERSION = 1.0;
				PRODUCT_BUNDLE_IDENTIFIER = the.codeholic.randomNamesUITests;
				PRODUCT_NAME = "$(TARGET_NAME)";
				SWIFT_EMIT_LOC_STRINGS = NO;
				SWIFT_VERSION = 5.0;
				TARGETED_DEVICE_FAMILY = "1,2";
				TEST_TARGET_NAME = randomNames;
			};
			name = Debug;
		};
		4DAC71ED2817E24900475C30 /* Release */ = {
			isa = XCBuildConfiguration;
			buildSettings = {
				ALWAYS_EMBED_SWIFT_STANDARD_LIBRARIES = YES;
				CODE_SIGN_STYLE = Automatic;
				CURRENT_PROJECT_VERSION = 1;
				GENERATE_INFOPLIST_FILE = YES;
				MARKETING_VERSION = 1.0;
				PRODUCT_BUNDLE_IDENTIFIER = the.codeholic.randomNamesUITests;
				PRODUCT_NAME = "$(TARGET_NAME)";
				SWIFT_EMIT_LOC_STRINGS = NO;
				SWIFT_VERSION = 5.0;
				TARGETED_DEVICE_FAMILY = "1,2";
				TEST_TARGET_NAME = randomNames;
			};
			name = Release;
		};
/* End XCBuildConfiguration section */

/* Begin XCConfigurationList section */
		4DAC71B62817E24700475C30 /* Build configuration list for PBXProject "randomNames" */ = {
			isa = XCConfigurationList;
			buildConfigurations = (
				4DAC71E32817E24900475C30 /* Debug */,
				4DAC71E42817E24900475C30 /* Release */,
			);
			defaultConfigurationIsVisible = 0;
			defaultConfigurationName = Release;
		};
		4DAC71E52817E24900475C30 /* Build configuration list for PBXNativeTarget "randomNames" */ = {
			isa = XCConfigurationList;
			buildConfigurations = (
				4DAC71E62817E24900475C30 /* Debug */,
				4DAC71E72817E24900475C30 /* Release */,
			);
			defaultConfigurationIsVisible = 0;
			defaultConfigurationName = Release;
		};
		4DAC71E82817E24900475C30 /* Build configuration list for PBXNativeTarget "randomNamesTests" */ = {
			isa = XCConfigurationList;
			buildConfigurations = (
				4DAC71E92817E24900475C30 /* Debug */,
				4DAC71EA2817E24900475C30 /* Release */,
			);
			defaultConfigurationIsVisible = 0;
			defaultConfigurationName = Release;
		};
		4DAC71EB2817E24900475C30 /* Build configuration list for PBXNativeTarget "randomNamesUITests" */ = {
			isa = XCConfigurationList;
			buildConfigurations = (
				4DAC71EC2817E24900475C30 /* Debug */,
				4DAC71ED2817E24900475C30 /* Release */,
			);
			defaultConfigurationIsVisible = 0;
			defaultConfigurationName = Release;
		};
/* End XCConfigurationList section */
	};
	rootObject = 4DAC71B32817E24700475C30 /* Project object */;
}
