// !$*UTF8*$!
{
	archiveVersion = 1;
	classes = {
	};
	objectVersion = 55;
	objects = {

/* Begin PBXBuildFile section */
		4D845DC4281985F900105EED /* AppDelegate.swift in Sources */ = {isa = PBXBuildFile; fileRef = 4D845DC3281985F900105EED /* AppDelegate.swift */; };
		4D845DC6281985F900105EED /* SceneDelegate.swift in Sources */ = {isa = PBXBuildFile; fileRef = 4D845DC5281985F900105EED /* SceneDelegate.swift */; };
		4D845DC8281985F900105EED /* ViewController.swift in Sources */ = {isa = PBXBuildFile; fileRef = 4D845DC7281985F900105EED /* ViewController.swift */; };
		4D845DCB281985F900105EED /* Main.storyboard in Resources */ = {isa = PBXBuildFile; fileRef = 4D845DC9281985F900105EED /* Main.storyboard */; };
		4D845DCD281985FA00105EED /* Assets.xcassets in Resources */ = {isa = PBXBuildFile; fileRef = 4D845DCC281985FA00105EED /* Assets.xcassets */; };
		4D845DD0281985FA00105EED /* LaunchScreen.storyboard in Resources */ = {isa = PBXBuildFile; fileRef = 4D845DCE281985FA00105EED /* LaunchScreen.storyboard */; };
		4D845DDB281985FA00105EED /* Tip_CalculatorTests.swift in Sources */ = {isa = PBXBuildFile; fileRef = 4D845DDA281985FA00105EED /* Tip_CalculatorTests.swift */; };
		4D845DE5281985FB00105EED /* Tip_CalculatorUITests.swift in Sources */ = {isa = PBXBuildFile; fileRef = 4D845DE4281985FB00105EED /* Tip_CalculatorUITests.swift */; };
		4D845DE7281985FB00105EED /* Tip_CalculatorUITestsLaunchTests.swift in Sources */ = {isa = PBXBuildFile; fileRef = 4D845DE6281985FB00105EED /* Tip_CalculatorUITestsLaunchTests.swift */; };
		4D845DF42819B2A800105EED /* UIView+Extensions.swift in Sources */ = {isa = PBXBuildFile; fileRef = 4D845DF32819B2A800105EED /* UIView+Extensions.swift */; };
		4D845DF62819B2B200105EED /* TextField.swift in Sources */ = {isa = PBXBuildFile; fileRef = 4D845DF52819B2B200105EED /* TextField.swift */; };
/* End PBXBuildFile section */

/* Begin PBXContainerItemProxy section */
		4D845DD7281985FA00105EED /* PBXContainerItemProxy */ = {
			isa = PBXContainerItemProxy;
			containerPortal = 4D845DB8281985F900105EED /* Project object */;
			proxyType = 1;
			remoteGlobalIDString = 4D845DBF281985F900105EED;
			remoteInfo = "Tip Calculator";
		};
		4D845DE1281985FB00105EED /* PBXContainerItemProxy */ = {
			isa = PBXContainerItemProxy;
			containerPortal = 4D845DB8281985F900105EED /* Project object */;
			proxyType = 1;
			remoteGlobalIDString = 4D845DBF281985F900105EED;
			remoteInfo = "Tip Calculator";
		};
/* End PBXContainerItemProxy section */

/* Begin PBXFileReference section */
		4D845DC0281985F900105EED /* Tip Calculator.app */ = {isa = PBXFileReference; explicitFileType = wrapper.application; includeInIndex = 0; path = "Tip Calculator.app"; sourceTree = BUILT_PRODUCTS_DIR; };
		4D845DC3281985F900105EED /* AppDelegate.swift */ = {isa = PBXFileReference; lastKnownFileType = sourcecode.swift; path = AppDelegate.swift; sourceTree = "<group>"; };
		4D845DC5281985F900105EED /* SceneDelegate.swift */ = {isa = PBXFileReference; lastKnownFileType = sourcecode.swift; path = SceneDelegate.swift; sourceTree = "<group>"; };
		4D845DC7281985F900105EED /* ViewController.swift */ = {isa = PBXFileReference; lastKnownFileType = sourcecode.swift; path = ViewController.swift; sourceTree = "<group>"; };
		4D845DCA281985F900105EED /* Base */ = {isa = PBXFileReference; lastKnownFileType = file.storyboard; name = Base; path = Base.lproj/Main.storyboard; sourceTree = "<group>"; };
		4D845DCC281985FA00105EED /* Assets.xcassets */ = {isa = PBXFileReference; lastKnownFileType = folder.assetcatalog; path = Assets.xcassets; sourceTree = "<group>"; };
		4D845DCF281985FA00105EED /* Base */ = {isa = PBXFileReference; lastKnownFileType = file.storyboard; name = Base; path = Base.lproj/LaunchScreen.storyboard; sourceTree = "<group>"; };
		4D845DD1281985FA00105EED /* Info.plist */ = {isa = PBXFileReference; lastKnownFileType = text.plist.xml; path = Info.plist; sourceTree = "<group>"; };
		4D845DD6281985FA00105EED /* Tip CalculatorTests.xctest */ = {isa = PBXFileReference; explicitFileType = wrapper.cfbundle; includeInIndex = 0; path = "Tip CalculatorTests.xctest"; sourceTree = BUILT_PRODUCTS_DIR; };
		4D845DDA281985FA00105EED /* Tip_CalculatorTests.swift */ = {isa = PBXFileReference; lastKnownFileType = sourcecode.swift; path = Tip_CalculatorTests.swift; sourceTree = "<group>"; };
		4D845DE0281985FB00105EED /* Tip CalculatorUITests.xctest */ = {isa = PBXFileReference; explicitFileType = wrapper.cfbundle; includeInIndex = 0; path = "Tip CalculatorUITests.xctest"; sourceTree = BUILT_PRODUCTS_DIR; };
		4D845DE4281985FB00105EED /* Tip_CalculatorUITests.swift */ = {isa = PBXFileReference; lastKnownFileType = sourcecode.swift; path = Tip_CalculatorUITests.swift; sourceTree = "<group>"; };
		4D845DE6281985FB00105EED /* Tip_CalculatorUITestsLaunchTests.swift */ = {isa = PBXFileReference; lastKnownFileType = sourcecode.swift; path = Tip_CalculatorUITestsLaunchTests.swift; sourceTree = "<group>"; };
		4D845DF32819B2A800105EED /* UIView+Extensions.swift */ = {isa = PBXFileReference; fileEncoding = 4; lastKnownFileType = sourcecode.swift; name = "UIView+Extensions.swift"; path = "../../../../../Downloads/UIView+Extensions.swift"; sourceTree = "<group>"; };
		4D845DF52819B2B200105EED /* TextField.swift */ = {isa = PBXFileReference; fileEncoding = 4; lastKnownFileType = sourcecode.swift; name = TextField.swift; path = ../../../../../Downloads/TextField.swift; sourceTree = "<group>"; };
/* End PBXFileReference section */

/* Begin PBXFrameworksBuildPhase section */
		4D845DBD281985F900105EED /* Frameworks */ = {
			isa = PBXFrameworksBuildPhase;
			buildActionMask = 2147483647;
			files = (
			);
			runOnlyForDeploymentPostprocessing = 0;
		};
		4D845DD3281985FA00105EED /* Frameworks */ = {
			isa = PBXFrameworksBuildPhase;
			buildActionMask = 2147483647;
			files = (
			);
			runOnlyForDeploymentPostprocessing = 0;
		};
		4D845DDD281985FB00105EED /* Frameworks */ = {
			isa = PBXFrameworksBuildPhase;
			buildActionMask = 2147483647;
			files = (
			);
			runOnlyForDeploymentPostprocessing = 0;
		};
/* End PBXFrameworksBuildPhase section */

/* Begin PBXGroup section */
		4D845DB7281985F900105EED = {
			isa = PBXGroup;
			children = (
				4D845DC2281985F900105EED /* Tip Calculator */,
				4D845DD9281985FA00105EED /* Tip CalculatorTests */,
				4D845DE3281985FB00105EED /* Tip CalculatorUITests */,
				4D845DC1281985F900105EED /* Products */,
			);
			sourceTree = "<group>";
		};
		4D845DC1281985F900105EED /* Products */ = {
			isa = PBXGroup;
			children = (
				4D845DC0281985F900105EED /* Tip Calculator.app */,
				4D845DD6281985FA00105EED /* Tip CalculatorTests.xctest */,
				4D845DE0281985FB00105EED /* Tip CalculatorUITests.xctest */,
			);
			name = Products;
			sourceTree = "<group>";
		};
		4D845DC2281985F900105EED /* Tip Calculator */ = {
			isa = PBXGroup;
			children = (
				4D845DF32819B2A800105EED /* UIView+Extensions.swift */,
				4D845DF52819B2B200105EED /* TextField.swift */,
				4D845DC3281985F900105EED /* AppDelegate.swift */,
				4D845DC5281985F900105EED /* SceneDelegate.swift */,
				4D845DC7281985F900105EED /* ViewController.swift */,
				4D845DC9281985F900105EED /* Main.storyboard */,
				4D845DCC281985FA00105EED /* Assets.xcassets */,
				4D845DCE281985FA00105EED /* LaunchScreen.storyboard */,
				4D845DD1281985FA00105EED /* Info.plist */,
			);
			path = "Tip Calculator";
			sourceTree = "<group>";
		};
		4D845DD9281985FA00105EED /* Tip CalculatorTests */ = {
			isa = PBXGroup;
			children = (
				4D845DDA281985FA00105EED /* Tip_CalculatorTests.swift */,
			);
			path = "Tip CalculatorTests";
			sourceTree = "<group>";
		};
		4D845DE3281985FB00105EED /* Tip CalculatorUITests */ = {
			isa = PBXGroup;
			children = (
				4D845DE4281985FB00105EED /* Tip_CalculatorUITests.swift */,
				4D845DE6281985FB00105EED /* Tip_CalculatorUITestsLaunchTests.swift */,
			);
			path = "Tip CalculatorUITests";
			sourceTree = "<group>";
		};
/* End PBXGroup section */

/* Begin PBXNativeTarget section */
		4D845DBF281985F900105EED /* Tip Calculator */ = {
			isa = PBXNativeTarget;
			buildConfigurationList = 4D845DEA281985FB00105EED /* Build configuration list for PBXNativeTarget "Tip Calculator" */;
			buildPhases = (
				4D845DBC281985F900105EED /* Sources */,
				4D845DBD281985F900105EED /* Frameworks */,
				4D845DBE281985F900105EED /* Resources */,
			);
			buildRules = (
			);
			dependencies = (
			);
			name = "Tip Calculator";
			productName = "Tip Calculator";
			productReference = 4D845DC0281985F900105EED /* Tip Calculator.app */;
			productType = "com.apple.product-type.application";
		};
		4D845DD5281985FA00105EED /* Tip CalculatorTests */ = {
			isa = PBXNativeTarget;
			buildConfigurationList = 4D845DED281985FB00105EED /* Build configuration list for PBXNativeTarget "Tip CalculatorTests" */;
			buildPhases = (
				4D845DD2281985FA00105EED /* Sources */,
				4D845DD3281985FA00105EED /* Frameworks */,
				4D845DD4281985FA00105EED /* Resources */,
			);
			buildRules = (
			);
			dependencies = (
				4D845DD8281985FA00105EED /* PBXTargetDependency */,
			);
			name = "Tip CalculatorTests";
			productName = "Tip CalculatorTests";
			productReference = 4D845DD6281985FA00105EED /* Tip CalculatorTests.xctest */;
			productType = "com.apple.product-type.bundle.unit-test";
		};
		4D845DDF281985FB00105EED /* Tip CalculatorUITests */ = {
			isa = PBXNativeTarget;
			buildConfigurationList = 4D845DF0281985FB00105EED /* Build configuration list for PBXNativeTarget "Tip CalculatorUITests" */;
			buildPhases = (
				4D845DDC281985FB00105EED /* Sources */,
				4D845DDD281985FB00105EED /* Frameworks */,
				4D845DDE281985FB00105EED /* Resources */,
			);
			buildRules = (
			);
			dependencies = (
				4D845DE2281985FB00105EED /* PBXTargetDependency */,
			);
			name = "Tip CalculatorUITests";
			productName = "Tip CalculatorUITests";
			productReference = 4D845DE0281985FB00105EED /* Tip CalculatorUITests.xctest */;
			productType = "com.apple.product-type.bundle.ui-testing";
		};
/* End PBXNativeTarget section */

/* Begin PBXProject section */
		4D845DB8281985F900105EED /* Project object */ = {
			isa = PBXProject;
			attributes = {
				BuildIndependentTargetsInParallel = 1;
				LastSwiftUpdateCheck = 1330;
				LastUpgradeCheck = 1330;
				TargetAttributes = {
					4D845DBF281985F900105EED = {
						CreatedOnToolsVersion = 13.3.1;
					};
					4D845DD5281985FA00105EED = {
						CreatedOnToolsVersion = 13.3.1;
						TestTargetID = 4D845DBF281985F900105EED;
					};
					4D845DDF281985FB00105EED = {
						CreatedOnToolsVersion = 13.3.1;
						TestTargetID = 4D845DBF281985F900105EED;
					};
				};
			};
			buildConfigurationList = 4D845DBB281985F900105EED /* Build configuration list for PBXProject "Tip Calculator" */;
			compatibilityVersion = "Xcode 13.0";
			developmentRegion = en;
			hasScannedForEncodings = 0;
			knownRegions = (
				en,
				Base,
			);
			mainGroup = 4D845DB7281985F900105EED;
			productRefGroup = 4D845DC1281985F900105EED /* Products */;
			projectDirPath = "";
			projectRoot = "";
			targets = (
				4D845DBF281985F900105EED /* Tip Calculator */,
				4D845DD5281985FA00105EED /* Tip CalculatorTests */,
				4D845DDF281985FB00105EED /* Tip CalculatorUITests */,
			);
		};
/* End PBXProject section */

/* Begin PBXResourcesBuildPhase section */
		4D845DBE281985F900105EED /* Resources */ = {
			isa = PBXResourcesBuildPhase;
			buildActionMask = 2147483647;
			files = (
				4D845DD0281985FA00105EED /* LaunchScreen.storyboard in Resources */,
				4D845DCD281985FA00105EED /* Assets.xcassets in Resources */,
				4D845DCB281985F900105EED /* Main.storyboard in Resources */,
			);
			runOnlyForDeploymentPostprocessing = 0;
		};
		4D845DD4281985FA00105EED /* Resources */ = {
			isa = PBXResourcesBuildPhase;
			buildActionMask = 2147483647;
			files = (
			);
			runOnlyForDeploymentPostprocessing = 0;
		};
		4D845DDE281985FB00105EED /* Resources */ = {
			isa = PBXResourcesBuildPhase;
			buildActionMask = 2147483647;
			files = (
			);
			runOnlyForDeploymentPostprocessing = 0;
		};
/* End PBXResourcesBuildPhase section */

/* Begin PBXSourcesBuildPhase section */
		4D845DBC281985F900105EED /* Sources */ = {
			isa = PBXSourcesBuildPhase;
			buildActionMask = 2147483647;
			files = (
				4D845DC8281985F900105EED /* ViewController.swift in Sources */,
				4D845DC4281985F900105EED /* AppDelegate.swift in Sources */,
				4D845DF42819B2A800105EED /* UIView+Extensions.swift in Sources */,
				4D845DF62819B2B200105EED /* TextField.swift in Sources */,
				4D845DC6281985F900105EED /* SceneDelegate.swift in Sources */,
			);
			runOnlyForDeploymentPostprocessing = 0;
		};
		4D845DD2281985FA00105EED /* Sources */ = {
			isa = PBXSourcesBuildPhase;
			buildActionMask = 2147483647;
			files = (
				4D845DDB281985FA00105EED /* Tip_CalculatorTests.swift in Sources */,
			);
			runOnlyForDeploymentPostprocessing = 0;
		};
		4D845DDC281985FB00105EED /* Sources */ = {
			isa = PBXSourcesBuildPhase;
			buildActionMask = 2147483647;
			files = (
				4D845DE7281985FB00105EED /* Tip_CalculatorUITestsLaunchTests.swift in Sources */,
				4D845DE5281985FB00105EED /* Tip_CalculatorUITests.swift in Sources */,
			);
			runOnlyForDeploymentPostprocessing = 0;
		};
/* End PBXSourcesBuildPhase section */

/* Begin PBXTargetDependency section */
		4D845DD8281985FA00105EED /* PBXTargetDependency */ = {
			isa = PBXTargetDependency;
			target = 4D845DBF281985F900105EED /* Tip Calculator */;
			targetProxy = 4D845DD7281985FA00105EED /* PBXContainerItemProxy */;
		};
		4D845DE2281985FB00105EED /* PBXTargetDependency */ = {
			isa = PBXTargetDependency;
			target = 4D845DBF281985F900105EED /* Tip Calculator */;
			targetProxy = 4D845DE1281985FB00105EED /* PBXContainerItemProxy */;
		};
/* End PBXTargetDependency section */

/* Begin PBXVariantGroup section */
		4D845DC9281985F900105EED /* Main.storyboard */ = {
			isa = PBXVariantGroup;
			children = (
				4D845DCA281985F900105EED /* Base */,
			);
			name = Main.storyboard;
			sourceTree = "<group>";
		};
		4D845DCE281985FA00105EED /* LaunchScreen.storyboard */ = {
			isa = PBXVariantGroup;
			children = (
				4D845DCF281985FA00105EED /* Base */,
			);
			name = LaunchScreen.storyboard;
			sourceTree = "<group>";
		};
/* End PBXVariantGroup section */

/* Begin XCBuildConfiguration section */
		4D845DE8281985FB00105EED /* Debug */ = {
			isa = XCBuildConfiguration;
			buildSettings = {
				ALWAYS_SEARCH_USER_PATHS = NO;
				CLANG_ANALYZER_NONNULL = YES;
				CLANG_ANALYZER_NUMBER_OBJECT_CONVERSION = YES_AGGRESSIVE;
				CLANG_CXX_LANGUAGE_STANDARD = "gnu++17";
				CLANG_ENABLE_MODULES = YES;
				CLANG_ENABLE_OBJC_ARC = YES;
				CLANG_ENABLE_OBJC_WEAK = YES;
				CLANG_WARN_BLOCK_CAPTURE_AUTORELEASING = YES;
				CLANG_WARN_BOOL_CONVERSION = YES;
				CLANG_WARN_COMMA = YES;
				CLANG_WARN_CONSTANT_CONVERSION = YES;
				CLANG_WARN_DEPRECATED_OBJC_IMPLEMENTATIONS = YES;
				CLANG_WARN_DIRECT_OBJC_ISA_USAGE = YES_ERROR;
				CLANG_WARN_DOCUMENTATION_COMMENTS = YES;
				CLANG_WARN_EMPTY_BODY = YES;
				CLANG_WARN_ENUM_CONVERSION = YES;
				CLANG_WARN_INFINITE_RECURSION = YES;
				CLANG_WARN_INT_CONVERSION = YES;
				CLANG_WARN_NON_LITERAL_NULL_CONVERSION = YES;
				CLANG_WARN_OBJC_IMPLICIT_RETAIN_SELF = YES;
				CLANG_WARN_OBJC_LITERAL_CONVERSION = YES;
				CLANG_WARN_OBJC_ROOT_CLASS = YES_ERROR;
				CLANG_WARN_QUOTED_INCLUDE_IN_FRAMEWORK_HEADER = YES;
				CLANG_WARN_RANGE_LOOP_ANALYSIS = YES;
				CLANG_WARN_STRICT_PROTOTYPES = YES;
				CLANG_WARN_SUSPICIOUS_MOVE = YES;
				CLANG_WARN_UNGUARDED_AVAILABILITY = YES_AGGRESSIVE;
				CLANG_WARN_UNREACHABLE_CODE = YES;
				CLANG_WARN__DUPLICATE_METHOD_MATCH = YES;
				COPY_PHASE_STRIP = NO;
				DEBUG_INFORMATION_FORMAT = dwarf;
				ENABLE_STRICT_OBJC_MSGSEND = YES;
				ENABLE_TESTABILITY = YES;
				GCC_C_LANGUAGE_STANDARD = gnu11;
				GCC_DYNAMIC_NO_PIC = NO;
				GCC_NO_COMMON_BLOCKS = YES;
				GCC_OPTIMIZATION_LEVEL = 0;
				GCC_PREPROCESSOR_DEFINITIONS = (
					"DEBUG=1",
					"$(inherited)",
				);
				GCC_WARN_64_TO_32_BIT_CONVERSION = YES;
				GCC_WARN_ABOUT_RETURN_TYPE = YES_ERROR;
				GCC_WARN_UNDECLARED_SELECTOR = YES;
				GCC_WARN_UNINITIALIZED_AUTOS = YES_AGGRESSIVE;
				GCC_WARN_UNUSED_FUNCTION = YES;
				GCC_WARN_UNUSED_VARIABLE = YES;
				IPHONEOS_DEPLOYMENT_TARGET = 15.4;
				MTL_ENABLE_DEBUG_INFO = INCLUDE_SOURCE;
				MTL_FAST_MATH = YES;
				ONLY_ACTIVE_ARCH = YES;
				SDKROOT = iphoneos;
				SWIFT_ACTIVE_COMPILATION_CONDITIONS = DEBUG;
				SWIFT_OPTIMIZATION_LEVEL = "-Onone";
			};
			name = Debug;
		};
		4D845DE9281985FB00105EED /* Release */ = {
			isa = XCBuildConfiguration;
			buildSettings = {
				ALWAYS_SEARCH_USER_PATHS = NO;
				CLANG_ANALYZER_NONNULL = YES;
				CLANG_ANALYZER_NUMBER_OBJECT_CONVERSION = YES_AGGRESSIVE;
				CLANG_CXX_LANGUAGE_STANDARD = "gnu++17";
				CLANG_ENABLE_MODULES = YES;
				CLANG_ENABLE_OBJC_ARC = YES;
				CLANG_ENABLE_OBJC_WEAK = YES;
				CLANG_WARN_BLOCK_CAPTURE_AUTORELEASING = YES;
				CLANG_WARN_BOOL_CONVERSION = YES;
				CLANG_WARN_COMMA = YES;
				CLANG_WARN_CONSTANT_CONVERSION = YES;
				CLANG_WARN_DEPRECATED_OBJC_IMPLEMENTATIONS = YES;
				CLANG_WARN_DIRECT_OBJC_ISA_USAGE = YES_ERROR;
				CLANG_WARN_DOCUMENTATION_COMMENTS = YES;
				CLANG_WARN_EMPTY_BODY = YES;
				CLANG_WARN_ENUM_CONVERSION = YES;
				CLANG_WARN_INFINITE_RECURSION = YES;
				CLANG_WARN_INT_CONVERSION = YES;
				CLANG_WARN_NON_LITERAL_NULL_CONVERSION = YES;
				CLANG_WARN_OBJC_IMPLICIT_RETAIN_SELF = YES;
				CLANG_WARN_OBJC_LITERAL_CONVERSION = YES;
				CLANG_WARN_OBJC_ROOT_CLASS = YES_ERROR;
				CLANG_WARN_QUOTED_INCLUDE_IN_FRAMEWORK_HEADER = YES;
				CLANG_WARN_RANGE_LOOP_ANALYSIS = YES;
				CLANG_WARN_STRICT_PROTOTYPES = YES;
				CLANG_WARN_SUSPICIOUS_MOVE = YES;
				CLANG_WARN_UNGUARDED_AVAILABILITY = YES_AGGRESSIVE;
				CLANG_WARN_UNREACHABLE_CODE = YES;
				CLANG_WARN__DUPLICATE_METHOD_MATCH = YES;
				COPY_PHASE_STRIP = NO;
				DEBUG_INFORMATION_FORMAT = "dwarf-with-dsym";
				ENABLE_NS_ASSERTIONS = NO;
				ENABLE_STRICT_OBJC_MSGSEND = YES;
				GCC_C_LANGUAGE_STANDARD = gnu11;
				GCC_NO_COMMON_BLOCKS = YES;
				GCC_WARN_64_TO_32_BIT_CONVERSION = YES;
				GCC_WARN_ABOUT_RETURN_TYPE = YES_ERROR;
				GCC_WARN_UNDECLARED_SELECTOR = YES;
				GCC_WARN_UNINITIALIZED_AUTOS = YES_AGGRESSIVE;
				GCC_WARN_UNUSED_FUNCTION = YES;
				GCC_WARN_UNUSED_VARIABLE = YES;
				IPHONEOS_DEPLOYMENT_TARGET = 15.4;
				MTL_ENABLE_DEBUG_INFO = NO;
				MTL_FAST_MATH = YES;
				SDKROOT = iphoneos;
				SWIFT_COMPILATION_MODE = wholemodule;
				SWIFT_OPTIMIZATION_LEVEL = "-O";
				VALIDATE_PRODUCT = YES;
			};
			name = Release;
		};
		4D845DEB281985FB00105EED /* Debug */ = {
			isa = XCBuildConfiguration;
			buildSettings = {
				ASSETCATALOG_COMPILER_APPICON_NAME = AppIcon;
				ASSETCATALOG_COMPILER_GLOBAL_ACCENT_COLOR_NAME = AccentColor;
				CODE_SIGN_STYLE = Automatic;
				CURRENT_PROJECT_VERSION = 1;
				GENERATE_INFOPLIST_FILE = YES;
				INFOPLIST_FILE = "Tip Calculator/Info.plist";
				INFOPLIST_KEY_UIApplicationSupportsIndirectInputEvents = YES;
				INFOPLIST_KEY_UILaunchStoryboardName = LaunchScreen;
				INFOPLIST_KEY_UIMainStoryboardFile = Main;
				INFOPLIST_KEY_UISupportedInterfaceOrientations_iPad = "UIInterfaceOrientationPortrait UIInterfaceOrientationPortraitUpsideDown UIInterfaceOrientationLandscapeLeft UIInterfaceOrientationLandscapeRight";
				INFOPLIST_KEY_UISupportedInterfaceOrientations_iPhone = "UIInterfaceOrientationPortrait UIInterfaceOrientationLandscapeLeft UIInterfaceOrientationLandscapeRight";
				LD_RUNPATH_SEARCH_PATHS = (
					"$(inherited)",
					"@executable_path/Frameworks",
				);
				MARKETING_VERSION = 1.0;
				PRODUCT_BUNDLE_IDENTIFIER = "the.codeholic.Tip-Calculator";
				PRODUCT_NAME = "$(TARGET_NAME)";
				SWIFT_EMIT_LOC_STRINGS = YES;
				SWIFT_VERSION = 5.0;
				TARGETED_DEVICE_FAMILY = "1,2";
			};
			name = Debug;
		};
		4D845DEC281985FB00105EED /* Release */ = {
			isa = XCBuildConfiguration;
			buildSettings = {
				ASSETCATALOG_COMPILER_APPICON_NAME = AppIcon;
				ASSETCATALOG_COMPILER_GLOBAL_ACCENT_COLOR_NAME = AccentColor;
				CODE_SIGN_STYLE = Automatic;
				CURRENT_PROJECT_VERSION = 1;
				GENERATE_INFOPLIST_FILE = YES;
				INFOPLIST_FILE = "Tip Calculator/Info.plist";
				INFOPLIST_KEY_UIApplicationSupportsIndirectInputEvents = YES;
				INFOPLIST_KEY_UILaunchStoryboardName = LaunchScreen;
				INFOPLIST_KEY_UIMainStoryboardFile = Main;
				INFOPLIST_KEY_UISupportedInterfaceOrientations_iPad = "UIInterfaceOrientationPortrait UIInterfaceOrientationPortraitUpsideDown UIInterfaceOrientationLandscapeLeft UIInterfaceOrientationLandscapeRight";
				INFOPLIST_KEY_UISupportedInterfaceOrientations_iPhone = "UIInterfaceOrientationPortrait UIInterfaceOrientationLandscapeLeft UIInterfaceOrientationLandscapeRight";
				LD_RUNPATH_SEARCH_PATHS = (
					"$(inherited)",
					"@executable_path/Frameworks",
				);
				MARKETING_VERSION = 1.0;
				PRODUCT_BUNDLE_IDENTIFIER = "the.codeholic.Tip-Calculator";
				PRODUCT_NAME = "$(TARGET_NAME)";
				SWIFT_EMIT_LOC_STRINGS = YES;
				SWIFT_VERSION = 5.0;
				TARGETED_DEVICE_FAMILY = "1,2";
			};
			name = Release;
		};
		4D845DEE281985FB00105EED /* Debug */ = {
			isa = XCBuildConfiguration;
			buildSettings = {
				ALWAYS_EMBED_SWIFT_STANDARD_LIBRARIES = YES;
				BUNDLE_LOADER = "$(TEST_HOST)";
				CODE_SIGN_STYLE = Automatic;
				CURRENT_PROJECT_VERSION = 1;
				GENERATE_INFOPLIST_FILE = YES;
				IPHONEOS_DEPLOYMENT_TARGET = 15.4;
				MARKETING_VERSION = 1.0;
				PRODUCT_BUNDLE_IDENTIFIER = "the.codeholic.Tip-CalculatorTests";
				PRODUCT_NAME = "$(TARGET_NAME)";
				SWIFT_EMIT_LOC_STRINGS = NO;
				SWIFT_VERSION = 5.0;
				TARGETED_DEVICE_FAMILY = "1,2";
				TEST_HOST = "$(BUILT_PRODUCTS_DIR)/Tip Calculator.app/Tip Calculator";
			};
			name = Debug;
		};
		4D845DEF281985FB00105EED /* Release */ = {
			isa = XCBuildConfiguration;
			buildSettings = {
				ALWAYS_EMBED_SWIFT_STANDARD_LIBRARIES = YES;
				BUNDLE_LOADER = "$(TEST_HOST)";
				CODE_SIGN_STYLE = Automatic;
				CURRENT_PROJECT_VERSION = 1;
				GENERATE_INFOPLIST_FILE = YES;
				IPHONEOS_DEPLOYMENT_TARGET = 15.4;
				MARKETING_VERSION = 1.0;
				PRODUCT_BUNDLE_IDENTIFIER = "the.codeholic.Tip-CalculatorTests";
				PRODUCT_NAME = "$(TARGET_NAME)";
				SWIFT_EMIT_LOC_STRINGS = NO;
				SWIFT_VERSION = 5.0;
				TARGETED_DEVICE_FAMILY = "1,2";
				TEST_HOST = "$(BUILT_PRODUCTS_DIR)/Tip Calculator.app/Tip Calculator";
			};
			name = Release;
		};
		4D845DF1281985FB00105EED /* Debug */ = {
			isa = XCBuildConfiguration;
			buildSettings = {
				ALWAYS_EMBED_SWIFT_STANDARD_LIBRARIES = YES;
				CODE_SIGN_STYLE = Automatic;
				CURRENT_PROJECT_VERSION = 1;
				GENERATE_INFOPLIST_FILE = YES;
				MARKETING_VERSION = 1.0;
				PRODUCT_BUNDLE_IDENTIFIER = "the.codeholic.Tip-CalculatorUITests";
				PRODUCT_NAME = "$(TARGET_NAME)";
				SWIFT_EMIT_LOC_STRINGS = NO;
				SWIFT_VERSION = 5.0;
				TARGETED_DEVICE_FAMILY = "1,2";
				TEST_TARGET_NAME = "Tip Calculator";
			};
			name = Debug;
		};
		4D845DF2281985FB00105EED /* Release */ = {
			isa = XCBuildConfiguration;
			buildSettings = {
				ALWAYS_EMBED_SWIFT_STANDARD_LIBRARIES = YES;
				CODE_SIGN_STYLE = Automatic;
				CURRENT_PROJECT_VERSION = 1;
				GENERATE_INFOPLIST_FILE = YES;
				MARKETING_VERSION = 1.0;
				PRODUCT_BUNDLE_IDENTIFIER = "the.codeholic.Tip-CalculatorUITests";
				PRODUCT_NAME = "$(TARGET_NAME)";
				SWIFT_EMIT_LOC_STRINGS = NO;
				SWIFT_VERSION = 5.0;
				TARGETED_DEVICE_FAMILY = "1,2";
				TEST_TARGET_NAME = "Tip Calculator";
			};
			name = Release;
		};
/* End XCBuildConfiguration section */

/* Begin XCConfigurationList section */
		4D845DBB281985F900105EED /* Build configuration list for PBXProject "Tip Calculator" */ = {
			isa = XCConfigurationList;
			buildConfigurations = (
				4D845DE8281985FB00105EED /* Debug */,
				4D845DE9281985FB00105EED /* Release */,
			);
			defaultConfigurationIsVisible = 0;
			defaultConfigurationName = Release;
		};
		4D845DEA281985FB00105EED /* Build configuration list for PBXNativeTarget "Tip Calculator" */ = {
			isa = XCConfigurationList;
			buildConfigurations = (
				4D845DEB281985FB00105EED /* Debug */,
				4D845DEC281985FB00105EED /* Release */,
			);
			defaultConfigurationIsVisible = 0;
			defaultConfigurationName = Release;
		};
		4D845DED281985FB00105EED /* Build configuration list for PBXNativeTarget "Tip CalculatorTests" */ = {
			isa = XCConfigurationList;
			buildConfigurations = (
				4D845DEE281985FB00105EED /* Debug */,
				4D845DEF281985FB00105EED /* Release */,
			);
			defaultConfigurationIsVisible = 0;
			defaultConfigurationName = Release;
		};
		4D845DF0281985FB00105EED /* Build configuration list for PBXNativeTarget "Tip CalculatorUITests" */ = {
			isa = XCConfigurationList;
			buildConfigurations = (
				4D845DF1281985FB00105EED /* Debug */,
				4D845DF2281985FB00105EED /* Release */,
			);
			defaultConfigurationIsVisible = 0;
			defaultConfigurationName = Release;
		};
/* End XCConfigurationList section */
	};
	rootObject = 4D845DB8281985F900105EED /* Project object */;
}
